
Microsoft Visual Studio Solution File, Format Version 11.00
# Visual Studio 2010
Project("{FAE04EC0-301F-11D3-BF4B-00C04F79EFBC}") = "HSphere", "HSphere\HSphere.csproj", "{EC915406-4E50-45EA-BF1A-87E3C49B7D30}"
EndProject
Global
	GlobalSection(SolutionConfigurationPlatforms) = preSolution
		Debug|x86 = Debug|x86
		Release|x86 = Release|x86
	EndGlobalSection
	GlobalSection(ProjectConfigurationPlatforms) = postSolution
		{EC915406-4E50-45EA-BF1A-87E3C49B7D30}.Debug|x86.ActiveCfg = Debug|x86
		{EC915406-4E50-45EA-BF1A-87E3C49B7D30}.Debug|x86.Build.0 = Debug|x86
		{EC915406-4E50-45EA-BF1A-87E3C49B7D30}.Release|x86.ActiveCfg = Release|x86
		{EC915406-4E50-45EA-BF1A-87E3C49B7D30}.Release|x86.Build.0 = Release|x86
	EndGlobalSection
	GlobalSection(SolutionProperties) = preSolution
		HideSolutionNode = FALSE
	EndGlobalSection
EndGlobal
