
Microsoft Visual Studio Solution File, Format Version 11.00
# Visual Studio 2010
Project("{FAE04EC0-301F-11D3-BF4B-00C04F79EFBC}") = "BuildLogAnalyse", "BuildLogAnalyse\BuildLogAnalyse.csproj", "{834DEA28-4056-4B6A-B1E5-D7E5C81557FE}"
EndProject
Global
	GlobalSection(SolutionConfigurationPlatforms) = preSolution
		Debug|x86 = Debug|x86
		Deploy|x86 = Deploy|x86
		Release|x86 = Release|x86
	EndGlobalSection
	GlobalSection(ProjectConfigurationPlatforms) = postSolution
		{834DEA28-4056-4B6A-B1E5-D7E5C81557FE}.Debug|x86.ActiveCfg = Debug|x86
		{834DEA28-4056-4B6A-B1E5-D7E5C81557FE}.Debug|x86.Build.0 = Debug|x86
		{834DEA28-4056-4B6A-B1E5-D7E5C81557FE}.Deploy|x86.ActiveCfg = Deploy|x86
		{834DEA28-4056-4B6A-B1E5-D7E5C81557FE}.Deploy|x86.Build.0 = Deploy|x86
		{834DEA28-4056-4B6A-B1E5-D7E5C81557FE}.Release|x86.ActiveCfg = Release|x86
		{834DEA28-4056-4B6A-B1E5-D7E5C81557FE}.Release|x86.Build.0 = Release|x86
	EndGlobalSection
	GlobalSection(SolutionProperties) = preSolution
		HideSolutionNode = FALSE
	EndGlobalSection
EndGlobal
